
Microsoft Visual Studio Solution File, Format Version 12.00
# Visual Studio Version 17
VisualStudioVersion = 17.11.35312.102
MinimumVisualStudioVersion = 10.0.40219.1
Project("{FAE04EC0-301F-11D3-BF4B-00C04F79EFBC}") = "MauiApp1TempoAgora", "MauiApp1TempoAgora\MauiApp1TempoAgora.csproj", "{49EA84E3-2288-4EF1-9046-33736BA11157}"
EndProject
Global
	GlobalSection(SolutionConfigurationPlatforms) = preSolution
		Debug|Any CPU = Debug|Any CPU
		Release|Any CPU = Release|Any CPU
	EndGlobalSection
	GlobalSection(ProjectConfigurationPlatforms) = postSolution
		{49EA84E3-2288-4EF1-9046-33736BA11157}.Debug|Any CPU.ActiveCfg = Debug|Any CPU
		{49EA84E3-2288-4EF1-9046-33736BA11157}.Debug|Any CPU.Build.0 = Debug|Any CPU
		{49EA84E3-2288-4EF1-9046-33736BA11157}.Debug|Any CPU.Deploy.0 = Debug|Any CPU
		{49EA84E3-2288-4EF1-9046-33736BA11157}.Release|Any CPU.ActiveCfg = Release|Any CPU
		{49EA84E3-2288-4EF1-9046-33736BA11157}.Release|Any CPU.Build.0 = Release|Any CPU
		{49EA84E3-2288-4EF1-9046-33736BA11157}.Release|Any CPU.Deploy.0 = Release|Any CPU
	EndGlobalSection
	GlobalSection(SolutionProperties) = preSolution
		HideSolutionNode = FALSE
	EndGlobalSection
	GlobalSection(ExtensibilityGlobals) = postSolution
		SolutionGuid = {F2B9009E-96AB-4F42-8504-E777185615DB}
	EndGlobalSection
EndGlobal
